
Microsoft Visual Studio Solution File, Format Version 12.00
# Visual Studio Version 17
VisualStudioVersion = 17.4.33122.133
MinimumVisualStudioVersion = 10.0.40219.1
Project("{FAE04EC0-301F-11D3-BF4B-00C04F79EFBC}") = "YouTubePlayer_Framework", "YouTubePlayer_Framework\YouTubePlayer_Framework.csproj", "{7FBE7C39-9B49-40E4-B59A-70BC30624E05}"
EndProject
Global
	GlobalSection(SolutionConfigurationPlatforms) = preSolution
		Debug|Any CPU = Debug|Any CPU
		Release|Any CPU = Release|Any CPU
	EndGlobalSection
	GlobalSection(ProjectConfigurationPlatforms) = postSolution
		{7FBE7C39-9B49-40E4-B59A-70BC30624E05}.Debug|Any CPU.ActiveCfg = Debug|Any CPU
		{7FBE7C39-9B49-40E4-B59A-70BC30624E05}.Debug|Any CPU.Build.0 = Debug|Any CPU
		{7FBE7C39-9B49-40E4-B59A-70BC30624E05}.Release|Any CPU.ActiveCfg = Release|Any CPU
		{7FBE7C39-9B49-40E4-B59A-70BC30624E05}.Release|Any CPU.Build.0 = Release|Any CPU
	EndGlobalSection
	GlobalSection(SolutionProperties) = preSolution
		HideSolutionNode = FALSE
	EndGlobalSection
	GlobalSection(ExtensibilityGlobals) = postSolution
		SolutionGuid = {BB011FBB-FA97-4FCA-8C9F-8D85AAFC3D23}
	EndGlobalSection
EndGlobal
